
Microsoft Visual Studio Solution File, Format Version 12.00
# Visual Studio Version 17
VisualStudioVersion = 17.4.33103.184
MinimumVisualStudioVersion = 10.0.40219.1
Project("{FAE04EC0-301F-11D3-BF4B-00C04F79EFBC}") = "ATM_Machine", "ATM_Machine\ATM_Machine.csproj", "{99EA8272-DA65-4C38-8460-8529AE10286D}"
EndProject
Global
	GlobalSection(SolutionConfigurationPlatforms) = preSolution
		Debug|Any CPU = Debug|Any CPU
		Release|Any CPU = Release|Any CPU
	EndGlobalSection
	GlobalSection(ProjectConfigurationPlatforms) = postSolution
		{99EA8272-DA65-4C38-8460-8529AE10286D}.Debug|Any CPU.ActiveCfg = Debug|Any CPU
		{99EA8272-DA65-4C38-8460-8529AE10286D}.Debug|Any CPU.Build.0 = Debug|Any CPU
		{99EA8272-DA65-4C38-8460-8529AE10286D}.Release|Any CPU.ActiveCfg = Release|Any CPU
		{99EA8272-DA65-4C38-8460-8529AE10286D}.Release|Any CPU.Build.0 = Release|Any CPU
	EndGlobalSection
	GlobalSection(SolutionProperties) = preSolution
		HideSolutionNode = FALSE
	EndGlobalSection
	GlobalSection(ExtensibilityGlobals) = postSolution
		SolutionGuid = {AE89E007-2E64-4978-BC2C-A3E196B629F7}
	EndGlobalSection
EndGlobal
